
Microsoft Visual Studio Solution File, Format Version 12.00
# Visual Studio Version 17
VisualStudioVersion = 17.6.33723.286
MinimumVisualStudioVersion = 10.0.40219.1
Project("{FAE04EC0-301F-11D3-BF4B-00C04F79EFBC}") = "MiguelTrujillo", "MiguelTrujillo\MiguelTrujillo.csproj", "{3B0F8E35-356D-4D78-8C2E-81C0722D4C38}"
EndProject
Global
	GlobalSection(SolutionConfigurationPlatforms) = preSolution
		Debug|Any CPU = Debug|Any CPU
		Release|Any CPU = Release|Any CPU
	EndGlobalSection
	GlobalSection(ProjectConfigurationPlatforms) = postSolution
		{3B0F8E35-356D-4D78-8C2E-81C0722D4C38}.Debug|Any CPU.ActiveCfg = Debug|Any CPU
		{3B0F8E35-356D-4D78-8C2E-81C0722D4C38}.Debug|Any CPU.Build.0 = Debug|Any CPU
		{3B0F8E35-356D-4D78-8C2E-81C0722D4C38}.Release|Any CPU.ActiveCfg = Release|Any CPU
		{3B0F8E35-356D-4D78-8C2E-81C0722D4C38}.Release|Any CPU.Build.0 = Release|Any CPU
	EndGlobalSection
	GlobalSection(SolutionProperties) = preSolution
		HideSolutionNode = FALSE
	EndGlobalSection
	GlobalSection(ExtensibilityGlobals) = postSolution
		SolutionGuid = {3F817629-920A-4B41-9987-C9A51FA75E19}
	EndGlobalSection
EndGlobal
